
Microsoft Visual Studio Solution File, Format Version 12.00
# Visual Studio Version 16
VisualStudioVersion = 16.0.31205.134
MinimumVisualStudioVersion = 10.0.40219.1
Project("{FAE04EC0-301F-11D3-BF4B-00C04F79EFBC}") = "ti89", "ti89\ti89.csproj", "{DE6A0E15-F0B0-49CC-88A7-8D79A710D3F2}"
EndProject
Global
	GlobalSection(SolutionConfigurationPlatforms) = preSolution
		Debug|Any CPU = Debug|Any CPU
		Release|Any CPU = Release|Any CPU
	EndGlobalSection
	GlobalSection(ProjectConfigurationPlatforms) = postSolution
		{DE6A0E15-F0B0-49CC-88A7-8D79A710D3F2}.Debug|Any CPU.ActiveCfg = Debug|Any CPU
		{DE6A0E15-F0B0-49CC-88A7-8D79A710D3F2}.Debug|Any CPU.Build.0 = Debug|Any CPU
		{DE6A0E15-F0B0-49CC-88A7-8D79A710D3F2}.Release|Any CPU.ActiveCfg = Release|Any CPU
		{DE6A0E15-F0B0-49CC-88A7-8D79A710D3F2}.Release|Any CPU.Build.0 = Release|Any CPU
	EndGlobalSection
	GlobalSection(SolutionProperties) = preSolution
		HideSolutionNode = FALSE
	EndGlobalSection
	GlobalSection(ExtensibilityGlobals) = postSolution
		SolutionGuid = {743F7C5A-45BA-4C21-AD48-463594B7F3C8}
	EndGlobalSection
EndGlobal
